
Microsoft Visual Studio Solution File, Format Version 12.00
# Visual Studio Version 16
VisualStudioVersion = 16.0.29306.81
MinimumVisualStudioVersion = 10.0.40219.1
Project("{9A19103F-16F7-4668-BE54-9A1E7A4F7556}") = "NorthwindEntitiesLib", "NorthwindEntitiesLib\NorthwindEntitiesLib.csproj", "{7315312B-2B13-499F-9F48-5BF7B81E46BB}"
EndProject
Project("{9A19103F-16F7-4668-BE54-9A1E7A4F7556}") = "NorthwindContextLib", "NorthwindContextLib\NorthwindContextLib.csproj", "{99B3555A-3127-4E15-BF35-AD0E8D9CA9FD}"
EndProject
Project("{FAE04EC0-301F-11D3-BF4B-00C04F79EFBC}") = "NorthwindMvc", "NorthwindMvc\NorthwindMvc.csproj", "{F3894ABF-9717-4D6C-B9E0-A96324619514}"
EndProject
Global
	GlobalSection(SolutionConfigurationPlatforms) = preSolution
		Debug|Any CPU = Debug|Any CPU
		Release|Any CPU = Release|Any CPU
	EndGlobalSection
	GlobalSection(ProjectConfigurationPlatforms) = postSolution
		{7315312B-2B13-499F-9F48-5BF7B81E46BB}.Debug|Any CPU.ActiveCfg = Debug|Any CPU
		{7315312B-2B13-499F-9F48-5BF7B81E46BB}.Debug|Any CPU.Build.0 = Debug|Any CPU
		{7315312B-2B13-499F-9F48-5BF7B81E46BB}.Release|Any CPU.ActiveCfg = Release|Any CPU
		{7315312B-2B13-499F-9F48-5BF7B81E46BB}.Release|Any CPU.Build.0 = Release|Any CPU
		{99B3555A-3127-4E15-BF35-AD0E8D9CA9FD}.Debug|Any CPU.ActiveCfg = Debug|Any CPU
		{99B3555A-3127-4E15-BF35-AD0E8D9CA9FD}.Debug|Any CPU.Build.0 = Debug|Any CPU
		{99B3555A-3127-4E15-BF35-AD0E8D9CA9FD}.Release|Any CPU.ActiveCfg = Release|Any CPU
		{99B3555A-3127-4E15-BF35-AD0E8D9CA9FD}.Release|Any CPU.Build.0 = Release|Any CPU
		{F3894ABF-9717-4D6C-B9E0-A96324619514}.Debug|Any CPU.ActiveCfg = Debug|Any CPU
		{F3894ABF-9717-4D6C-B9E0-A96324619514}.Debug|Any CPU.Build.0 = Debug|Any CPU
		{F3894ABF-9717-4D6C-B9E0-A96324619514}.Release|Any CPU.ActiveCfg = Release|Any CPU
		{F3894ABF-9717-4D6C-B9E0-A96324619514}.Release|Any CPU.Build.0 = Release|Any CPU
	EndGlobalSection
	GlobalSection(SolutionProperties) = preSolution
		HideSolutionNode = FALSE
	EndGlobalSection
	GlobalSection(ExtensibilityGlobals) = postSolution
		SolutionGuid = {31E74EC5-EE99-4334-AD95-F4E9DA3CA213}
	EndGlobalSection
EndGlobal
